{
  "nodes": {
    "hjem": {
      "inputs": {
        "nixpkgs": [
          "nixpkgs"
        ]
      },
      "locked": {
        "lastModified": 1790081753,
        "narHash": "sha256-tycoVCB2KSVdy9ERT1lJGHdP9Hf4FHanaEY25hUxylw=",
        "owner": "feel-co",
        "repo": "hjem",
        "rev": "cef02450f2c18a7e2b9297ea8d366f9a597254f7",
        "type": "github"
      },
      "original": {
        "owner": "feel-co",
        "repo": "hjem",
        "type": "github"
      }
    },
    "hjem-impure": {
      "inputs": {
        "hjem": [],
        "nixpkgs": []
      },
      "locked": {
        "lastModified": 1786164166,
        "narHash": "sha256-2S8BRs/a9ElePH7o7LSTib4t/oQ0p9sn/qjAP6BmTK8=",
        "owner": "Rexcrazy804",
        "repo": "hjem-impure",
        "rev": "206320fa7d060232f19c4d2831e66471d8e5d161",
        "type": "github"
      },
      "original": {
        "owner": "Rexcrazy804",
        "repo": "hjem-impure",
        "type": "github"
      }
    },
    "home-manager": {
      "inputs": {
        "nixpkgs": [
          "zen-browser",
          "nixpkgs"
        ]
      },
      "locked": {
        "lastModified": 1790819692,
        "narHash": "sha256-rvubAPbh3QCliic3sAK+CXTrPCGgJstY52OTs/5H1J4=",
        "owner": "nix-community",
        "repo": "home-manager",
        "rev": "c8ecc29e5175452bee4a2aa1ba2383856d795338",
        "type": "github"
      },
      "original": {
        "owner": "nix-community",
        "repo": "home-manager",
        "type": "github"
      }
    },
    "mnw": {
      "locked": {
        "lastModified": 1790357809,
        "narHash": "sha256-6IWPAMEotKY/nQvs1kU6qwMwCXTeW5HlOhw2RwFHFdI=",
        "owner": "Gerg-L",
        "repo": "mnw",
        "rev": "a582dbedf7c8ec7effa6939ac5bdd23b27267d1b",
        "type": "github"
      },
      "original": {
        "owner": "Gerg-L",
        "repo": "mnw",
        "type": "github"
      }
    },
    "neovim": {
      "inputs": {
        "mnw": "mnw",
        "nixpkgs": [
          "nixpkgs"
        ]
      },
      "locked": {
        "lastModified": 1791026727,
        "narHash": "sha256-aFcVwBG10a4MBL4oFn+tqjLwqmO+FNjCoJ+XYNlPpnI=",
        "owner": "kaezrr",
        "repo": "nvim",
        "rev": "e81f9f902b3f24c70102f5e57fbb176d2f512194",
        "type": "github"
      },
      "original": {
        "owner": "kaezrr",
        "repo": "nvim",
        "type": "github"
      }
    },
    "nix-index-database": {
      "inputs": {
        "nixpkgs": [
          "nixpkgs"
        ]
      },
      "locked": {
        "lastModified": 1791105314,
        "narHash": "sha256-oTM7QFgRQ+vxBpMBMc7hEYpqBtpXAzXu2xuB/tru84U=",
        "owner": "nix-community",
        "repo": "nix-index-database",
        "rev": "e740bc4e9d8918d7819a51486d5099930c65c72e",
        "type": "github"
      },
      "original": {
        "owner": "nix-community",
        "repo": "nix-index-database",
        "type": "github"
      }
    },
    "nixpkgs": {
      "locked": {
        "lastModified": 1791260994,
        "narHash": "sha256-Miqqk/ammqnTUxaoCyvtwoPeLbI1ksFyLxi/CazZpWY=",
        "owner": "nixos",
        "repo": "nixpkgs",
        "rev": "151fa4e8ddfdd8dd25d945ad94ed54a13de9f6e4",
        "type": "github"
      },
      "original": {
        "owner": "nixos",
        "ref": "nixos-unstable",
        "repo": "nixpkgs",
        "type": "github"
      }
    },
    "root": {
      "inputs": {
        "hjem": "hjem",
        "hjem-impure": "hjem-impure",
        "neovim": "neovim",
        "nix-index-database": "nix-index-database",
        "nixpkgs": "nixpkgs",
        "zen-browser": "zen-browser"
      }
    },
    "zen-browser": {
      "inputs": {
        "home-manager": "home-manager",
        "nixpkgs": [
          "nixpkgs"
        ]
      },
      "locked": {
        "lastModified": 1791266850,
        "narHash": "sha256-F/scdmE9Y03TfSQWrBHaJWTRTr3rRQBqvJSDgF48g1c=",
        "owner": "0xc000022070",
        "repo": "zen-browser-flake",
        "rev": "d9e4e25d6ade5d541074045d332d887c044e11f5",
        "type": "github"
      },
      "original": {
        "owner": "0xc000022070",
        "repo": "zen-browser-flake",
        "type": "github"
      }
    }
  },
  "root": "root",
  "version": 7
}
